
Microsoft Visual Studio Solution File, Format Version 12.00
# Visual Studio Version 16
VisualStudioVersion = 16.0.31105.61
MinimumVisualStudioVersion = 10.0.40219.1
Project("{FAE04EC0-301F-11D3-BF4B-00C04F79EFBC}") = "PaupersReddit", "PaupersReddit\PaupersReddit.csproj", "{BBDA7DAD-B137-42A3-B022-2C569F1924D1}"
EndProject
Global
	GlobalSection(SolutionConfigurationPlatforms) = preSolution
		Debug|Any CPU = Debug|Any CPU
		Release|Any CPU = Release|Any CPU
	EndGlobalSection
	GlobalSection(ProjectConfigurationPlatforms) = postSolution
		{BBDA7DAD-B137-42A3-B022-2C569F1924D1}.Debug|Any CPU.ActiveCfg = Debug|Any CPU
		{BBDA7DAD-B137-42A3-B022-2C569F1924D1}.Debug|Any CPU.Build.0 = Debug|Any CPU
		{BBDA7DAD-B137-42A3-B022-2C569F1924D1}.Release|Any CPU.ActiveCfg = Release|Any CPU
		{BBDA7DAD-B137-42A3-B022-2C569F1924D1}.Release|Any CPU.Build.0 = Release|Any CPU
	EndGlobalSection
	GlobalSection(SolutionProperties) = preSolution
		HideSolutionNode = FALSE
	EndGlobalSection
	GlobalSection(ExtensibilityGlobals) = postSolution
		SolutionGuid = {642A8293-7DCF-462A-A8D8-CF08DB7057F6}
	EndGlobalSection
EndGlobal
